
Microsoft Visual Studio Solution File, Format Version 12.00
# Visual Studio Version 17
VisualStudioVersion = 17.5.33516.290
MinimumVisualStudioVersion = 10.0.40219.1
Project("{FAE04EC0-301F-11D3-BF4B-00C04F79EFBC}") = "ExtensionCore", "ExtensionCore\ExtensionCore.csproj", "{A2CB8E94-D69A-4E0C-BFD5-1A1898F951CA}"
EndProject
Project("{FAE04EC0-301F-11D3-BF4B-00C04F79EFBC}") = "ExtentionTests", "ExtentionTests\ExtentionTests.csproj", "{371A8B13-B9AF-4085-98DB-BD3A5E222879}"
EndProject
Global
	GlobalSection(SolutionConfigurationPlatforms) = preSolution
		Debug|Any CPU = Debug|Any CPU
		Release|Any CPU = Release|Any CPU
	EndGlobalSection
	GlobalSection(ProjectConfigurationPlatforms) = postSolution
		{A2CB8E94-D69A-4E0C-BFD5-1A1898F951CA}.Debug|Any CPU.ActiveCfg = Debug|Any CPU
		{A2CB8E94-D69A-4E0C-BFD5-1A1898F951CA}.Debug|Any CPU.Build.0 = Debug|Any CPU
		{A2CB8E94-D69A-4E0C-BFD5-1A1898F951CA}.Release|Any CPU.ActiveCfg = Release|Any CPU
		{A2CB8E94-D69A-4E0C-BFD5-1A1898F951CA}.Release|Any CPU.Build.0 = Release|Any CPU
		{371A8B13-B9AF-4085-98DB-BD3A5E222879}.Debug|Any CPU.ActiveCfg = Debug|Any CPU
		{371A8B13-B9AF-4085-98DB-BD3A5E222879}.Debug|Any CPU.Build.0 = Debug|Any CPU
		{371A8B13-B9AF-4085-98DB-BD3A5E222879}.Release|Any CPU.ActiveCfg = Release|Any CPU
		{371A8B13-B9AF-4085-98DB-BD3A5E222879}.Release|Any CPU.Build.0 = Release|Any CPU
	EndGlobalSection
	GlobalSection(SolutionProperties) = preSolution
		HideSolutionNode = FALSE
	EndGlobalSection
	GlobalSection(ExtensibilityGlobals) = postSolution
		SolutionGuid = {BF14C874-120C-4A58-B433-B452BE11FFCB}
	EndGlobalSection
EndGlobal
